
Microsoft Visual Studio Solution File, Format Version 12.00
# Visual Studio Version 17
VisualStudioVersion = 17.5.002.0
MinimumVisualStudioVersion = 10.0.40219.1
Project("{2150E333-8FDC-42A3-9474-1A3956D46DE8}") = "Source", "Source", "{E6E9B576-2E6C-49C9-B3AE-A40D20D915B0}"
EndProject
Project("{9A19103F-16F7-4668-BE54-9A1E7A4F7556}") = "PomTimer.Client", "Source\PomTimer.Client\PomTimer.Client.csproj", "{C7F14A67-F4AD-4ED8-AE2E-E51889123DE2}"
EndProject
Global
	GlobalSection(SolutionConfigurationPlatforms) = preSolution
		Debug|Any CPU = Debug|Any CPU
		Release|Any CPU = Release|Any CPU
	EndGlobalSection
	GlobalSection(ProjectConfigurationPlatforms) = postSolution
		{C7F14A67-F4AD-4ED8-AE2E-E51889123DE2}.Debug|Any CPU.ActiveCfg = Debug|Any CPU
		{C7F14A67-F4AD-4ED8-AE2E-E51889123DE2}.Debug|Any CPU.Build.0 = Debug|Any CPU
		{C7F14A67-F4AD-4ED8-AE2E-E51889123DE2}.Release|Any CPU.ActiveCfg = Release|Any CPU
		{C7F14A67-F4AD-4ED8-AE2E-E51889123DE2}.Release|Any CPU.Build.0 = Release|Any CPU
	EndGlobalSection
	GlobalSection(SolutionProperties) = preSolution
		HideSolutionNode = FALSE
	EndGlobalSection
	GlobalSection(NestedProjects) = preSolution
		{C7F14A67-F4AD-4ED8-AE2E-E51889123DE2} = {E6E9B576-2E6C-49C9-B3AE-A40D20D915B0}
	EndGlobalSection
	GlobalSection(ExtensibilityGlobals) = postSolution
		SolutionGuid = {8AE4E047-1FC9-453F-B213-7A23B4813179}
	EndGlobalSection
EndGlobal
